
Microsoft Visual Studio Solution File, Format Version 12.00
# Visual Studio Version 17
VisualStudioVersion = 17.13.35825.156 d17.13
MinimumVisualStudioVersion = 10.0.40219.1
Project("{FAE04EC0-301F-11D3-BF4B-00C04F79EFBC}") = "InfoVault", "InfoVault\InfoVault.csproj", "{812A00DC-7ADC-47BF-954B-BEEAA74CA3F9}"
EndProject
Global
	GlobalSection(SolutionConfigurationPlatforms) = preSolution
		Debug|Any CPU = Debug|Any CPU
		Release|Any CPU = Release|Any CPU
	EndGlobalSection
	GlobalSection(ProjectConfigurationPlatforms) = postSolution
		{812A00DC-7ADC-47BF-954B-BEEAA74CA3F9}.Debug|Any CPU.ActiveCfg = Debug|Any CPU
		{812A00DC-7ADC-47BF-954B-BEEAA74CA3F9}.Debug|Any CPU.Build.0 = Debug|Any CPU
		{812A00DC-7ADC-47BF-954B-BEEAA74CA3F9}.Release|Any CPU.ActiveCfg = Release|Any CPU
		{812A00DC-7ADC-47BF-954B-BEEAA74CA3F9}.Release|Any CPU.Build.0 = Release|Any CPU
	EndGlobalSection
	GlobalSection(SolutionProperties) = preSolution
		HideSolutionNode = FALSE
	EndGlobalSection
	GlobalSection(ExtensibilityGlobals) = postSolution
		SolutionGuid = {FC800CD2-5FC3-4E65-8712-D56D1B214C36}
	EndGlobalSection
EndGlobal
